
Microsoft Visual Studio Solution File, Format Version 12.00
# Visual Studio Version 17
VisualStudioVersion = 17.6.33815.320
MinimumVisualStudioVersion = 10.0.40219.1
Project("{FAE04EC0-301F-11D3-BF4B-00C04F79EFBC}") = "InspimoSignalR", "InspimoSignalR\InspimoSignalR.csproj", "{A0C683B0-FB1D-462F-8E7C-0339497BEA0B}"
EndProject
Project("{FAE04EC0-301F-11D3-BF4B-00C04F79EFBC}") = "InspimoSignalRApi", "InspimoSignalRApi\InspimoSignalRApi.csproj", "{C7C9A0F6-4226-4A3C-9B55-38065FE4E78C}"
EndProject
Global
	GlobalSection(SolutionConfigurationPlatforms) = preSolution
		Debug|Any CPU = Debug|Any CPU
		Release|Any CPU = Release|Any CPU
	EndGlobalSection
	GlobalSection(ProjectConfigurationPlatforms) = postSolution
		{A0C683B0-FB1D-462F-8E7C-0339497BEA0B}.Debug|Any CPU.ActiveCfg = Debug|Any CPU
		{A0C683B0-FB1D-462F-8E7C-0339497BEA0B}.Debug|Any CPU.Build.0 = Debug|Any CPU
		{A0C683B0-FB1D-462F-8E7C-0339497BEA0B}.Release|Any CPU.ActiveCfg = Release|Any CPU
		{A0C683B0-FB1D-462F-8E7C-0339497BEA0B}.Release|Any CPU.Build.0 = Release|Any CPU
		{C7C9A0F6-4226-4A3C-9B55-38065FE4E78C}.Debug|Any CPU.ActiveCfg = Debug|Any CPU
		{C7C9A0F6-4226-4A3C-9B55-38065FE4E78C}.Debug|Any CPU.Build.0 = Debug|Any CPU
		{C7C9A0F6-4226-4A3C-9B55-38065FE4E78C}.Release|Any CPU.ActiveCfg = Release|Any CPU
		{C7C9A0F6-4226-4A3C-9B55-38065FE4E78C}.Release|Any CPU.Build.0 = Release|Any CPU
	EndGlobalSection
	GlobalSection(SolutionProperties) = preSolution
		HideSolutionNode = FALSE
	EndGlobalSection
	GlobalSection(ExtensibilityGlobals) = postSolution
		SolutionGuid = {5C8E138C-D42C-4EA4-943F-1A364692048A}
	EndGlobalSection
EndGlobal
